
Microsoft Visual Studio Solution File, Format Version 12.00
# Visual Studio Version 16
VisualStudioVersion = 16.0.32228.343
MinimumVisualStudioVersion = 10.0.40219.1
Project("{2150E333-8FDC-42A3-9474-1A3956D46DE8}") = "Domain", "Domain", "{1E0511A9-A72F-4627-B4CD-608A422AA432}"
EndProject
Project("{9A19103F-16F7-4668-BE54-9A1E7A4F7556}") = "MicroRabbit.Domain.Core", "MicroRabbit.Domain.Core\MicroRabbit.Domain.Core.csproj", "{49CC0135-8F7F-40CE-8E0C-132677E27977}"
EndProject
Project("{2150E333-8FDC-42A3-9474-1A3956D46DE8}") = "Infra.Bus", "Infra.Bus", "{0755EA59-98A8-4391-A2BA-FC4A9AA8EEA0}"
EndProject
Project("{2150E333-8FDC-42A3-9474-1A3956D46DE8}") = "Microservices", "Microservices", "{7BA241EB-F0E1-4D87-9DA0-A8EC86520815}"
EndProject
Project("{2150E333-8FDC-42A3-9474-1A3956D46DE8}") = "Presentation", "Presentation", "{9F7D9E39-9AC9-4950-A893-BCA6AF48B26F}"
EndProject
Project("{9A19103F-16F7-4668-BE54-9A1E7A4F7556}") = "MicroRabbit.Infra.Bus", "MicroRabbit.Infra.Bus\MicroRabbit.Infra.Bus.csproj", "{DCECB2BE-502F-4E2B-9F3D-40DDDB3CFC76}"
EndProject
Project("{2150E333-8FDC-42A3-9474-1A3956D46DE8}") = "Banking", "Banking", "{1C18083B-4FBE-43BC-87A0-99C36D6D0790}"
EndProject
Project("{2150E333-8FDC-42A3-9474-1A3956D46DE8}") = "Api", "Api", "{C75AB751-0C05-417E-B552-AE8308301B42}"
EndProject
Project("{2150E333-8FDC-42A3-9474-1A3956D46DE8}") = "Domain", "Domain", "{A15ED7FC-C0EA-46D1-B373-13BE5933D997}"
EndProject
Project("{2150E333-8FDC-42A3-9474-1A3956D46DE8}") = "Application", "Application", "{3421EF0C-A82D-4DC0-BE00-0BDC5CDF1758}"
EndProject
Project("{9A19103F-16F7-4668-BE54-9A1E7A4F7556}") = "MicroRabbit.Banking.Application", "MicroRabbit.Banking.Application\MicroRabbit.Banking.Application.csproj", "{98A41A65-F9FD-488B-962E-E65B8B23CBCE}"
EndProject
Project("{9A19103F-16F7-4668-BE54-9A1E7A4F7556}") = "MicroRabbit.Banking.Domain", "MicroRabbit.Banking.Domain\MicroRabbit.Banking.Domain.csproj", "{292B0A1A-B6E4-4FA5-963E-3BE23223EFDA}"
EndProject
Project("{2150E333-8FDC-42A3-9474-1A3956D46DE8}") = "Infra.IoC", "Infra.IoC", "{E41A212D-C532-4D04-A3FE-6729BDBF39B1}"
EndProject
Project("{9A19103F-16F7-4668-BE54-9A1E7A4F7556}") = "MicroRabbit.Infra.IoC", "MicroRabbit.Infra.IoC\MicroRabbit.Infra.IoC.csproj", "{CE226926-337F-4E39-B22B-314658691FB4}"
EndProject
Project("{2150E333-8FDC-42A3-9474-1A3956D46DE8}") = "Data", "Data", "{059C8F61-A1C0-438C-97D8-2EFF88A35245}"
EndProject
Project("{9A19103F-16F7-4668-BE54-9A1E7A4F7556}") = "MicroRabbit.Banking.Data", "MicroRabbit.Banking.Data\MicroRabbit.Banking.Data.csproj", "{9DF12B37-0680-4DD8-BBCD-EC5C35536A17}"
EndProject
Project("{9A19103F-16F7-4668-BE54-9A1E7A4F7556}") = "MicroRabbit.Banking.Api", "MicroRabbit.Banking.Api\MicroRabbit.Banking.Api.csproj", "{6C39A5F7-65CA-4665-8BF4-8FAA969986A6}"
EndProject
Project("{2150E333-8FDC-42A3-9474-1A3956D46DE8}") = "Transfer", "Transfer", "{823C34D4-5611-4188-BAFE-46B14E16D2C7}"
EndProject
Project("{2150E333-8FDC-42A3-9474-1A3956D46DE8}") = "Api", "Api", "{98EFEC37-C7C7-45B5-BB1E-9BF927A857A6}"
EndProject
Project("{2150E333-8FDC-42A3-9474-1A3956D46DE8}") = "Application", "Application", "{D5669B34-C131-4C52-AA5F-09EBB80705E2}"
EndProject
Project("{2150E333-8FDC-42A3-9474-1A3956D46DE8}") = "Data", "Data", "{C6CAFB17-4881-47AA-A481-BBAD98673BF0}"
EndProject
Project("{2150E333-8FDC-42A3-9474-1A3956D46DE8}") = "Domain", "Domain", "{8A929510-D315-427E-99EE-CE6BFF871D7D}"
EndProject
Project("{FAE04EC0-301F-11D3-BF4B-00C04F79EFBC}") = "MicroRabbit.Transfer.Api", "MicroRabbit.Transfer.Api\MicroRabbit.Transfer.Api.csproj", "{779934F9-1C26-491F-AA93-5ABB81703840}"
EndProject
Project("{FAE04EC0-301F-11D3-BF4B-00C04F79EFBC}") = "MicroRabbit.Transfer.Applicattion", "MicroRabbit.Transfer.Applicattion\MicroRabbit.Transfer.Applicattion.csproj", "{14EFC6AA-1E6C-4808-B3F9-BBABA58ACFB7}"
EndProject
Project("{FAE04EC0-301F-11D3-BF4B-00C04F79EFBC}") = "MicroRabbit.Transfer.Data", "MicroRabbit.Transfer.Data\MicroRabbit.Transfer.Data.csproj", "{7333724A-D2BB-434F-81FE-A00E89668EAD}"
EndProject
Project("{FAE04EC0-301F-11D3-BF4B-00C04F79EFBC}") = "MicroRabbit.Transfer.Domain", "MicroRabbit.Transfer.Domain\MicroRabbit.Transfer.Domain.csproj", "{540C4125-BA09-46AE-ABCA-E808D3527A92}"
EndProject
Global
	GlobalSection(SolutionConfigurationPlatforms) = preSolution
		Debug|Any CPU = Debug|Any CPU
		Release|Any CPU = Release|Any CPU
	EndGlobalSection
	GlobalSection(ProjectConfigurationPlatforms) = postSolution
		{49CC0135-8F7F-40CE-8E0C-132677E27977}.Debug|Any CPU.ActiveCfg = Debug|Any CPU
		{49CC0135-8F7F-40CE-8E0C-132677E27977}.Debug|Any CPU.Build.0 = Debug|Any CPU
		{49CC0135-8F7F-40CE-8E0C-132677E27977}.Release|Any CPU.ActiveCfg = Release|Any CPU
		{49CC0135-8F7F-40CE-8E0C-132677E27977}.Release|Any CPU.Build.0 = Release|Any CPU
		{DCECB2BE-502F-4E2B-9F3D-40DDDB3CFC76}.Debug|Any CPU.ActiveCfg = Debug|Any CPU
		{DCECB2BE-502F-4E2B-9F3D-40DDDB3CFC76}.Debug|Any CPU.Build.0 = Debug|Any CPU
		{DCECB2BE-502F-4E2B-9F3D-40DDDB3CFC76}.Release|Any CPU.ActiveCfg = Release|Any CPU
		{DCECB2BE-502F-4E2B-9F3D-40DDDB3CFC76}.Release|Any CPU.Build.0 = Release|Any CPU
		{98A41A65-F9FD-488B-962E-E65B8B23CBCE}.Debug|Any CPU.ActiveCfg = Debug|Any CPU
		{98A41A65-F9FD-488B-962E-E65B8B23CBCE}.Debug|Any CPU.Build.0 = Debug|Any CPU
		{98A41A65-F9FD-488B-962E-E65B8B23CBCE}.Release|Any CPU.ActiveCfg = Release|Any CPU
		{98A41A65-F9FD-488B-962E-E65B8B23CBCE}.Release|Any CPU.Build.0 = Release|Any CPU
		{292B0A1A-B6E4-4FA5-963E-3BE23223EFDA}.Debug|Any CPU.ActiveCfg = Debug|Any CPU
		{292B0A1A-B6E4-4FA5-963E-3BE23223EFDA}.Debug|Any CPU.Build.0 = Debug|Any CPU
		{292B0A1A-B6E4-4FA5-963E-3BE23223EFDA}.Release|Any CPU.ActiveCfg = Release|Any CPU
		{292B0A1A-B6E4-4FA5-963E-3BE23223EFDA}.Release|Any CPU.Build.0 = Release|Any CPU
		{CE226926-337F-4E39-B22B-314658691FB4}.Debug|Any CPU.ActiveCfg = Debug|Any CPU
		{CE226926-337F-4E39-B22B-314658691FB4}.Debug|Any CPU.Build.0 = Debug|Any CPU
		{CE226926-337F-4E39-B22B-314658691FB4}.Release|Any CPU.ActiveCfg = Release|Any CPU
		{CE226926-337F-4E39-B22B-314658691FB4}.Release|Any CPU.Build.0 = Release|Any CPU
		{9DF12B37-0680-4DD8-BBCD-EC5C35536A17}.Debug|Any CPU.ActiveCfg = Debug|Any CPU
		{9DF12B37-0680-4DD8-BBCD-EC5C35536A17}.Debug|Any CPU.Build.0 = Debug|Any CPU
		{9DF12B37-0680-4DD8-BBCD-EC5C35536A17}.Release|Any CPU.ActiveCfg = Release|Any CPU
		{9DF12B37-0680-4DD8-BBCD-EC5C35536A17}.Release|Any CPU.Build.0 = Release|Any CPU
		{6C39A5F7-65CA-4665-8BF4-8FAA969986A6}.Debug|Any CPU.ActiveCfg = Debug|Any CPU
		{6C39A5F7-65CA-4665-8BF4-8FAA969986A6}.Debug|Any CPU.Build.0 = Debug|Any CPU
		{6C39A5F7-65CA-4665-8BF4-8FAA969986A6}.Release|Any CPU.ActiveCfg = Release|Any CPU
		{6C39A5F7-65CA-4665-8BF4-8FAA969986A6}.Release|Any CPU.Build.0 = Release|Any CPU
		{779934F9-1C26-491F-AA93-5ABB81703840}.Debug|Any CPU.ActiveCfg = Debug|Any CPU
		{779934F9-1C26-491F-AA93-5ABB81703840}.Debug|Any CPU.Build.0 = Debug|Any CPU
		{779934F9-1C26-491F-AA93-5ABB81703840}.Release|Any CPU.ActiveCfg = Release|Any CPU
		{779934F9-1C26-491F-AA93-5ABB81703840}.Release|Any CPU.Build.0 = Release|Any CPU
		{14EFC6AA-1E6C-4808-B3F9-BBABA58ACFB7}.Debug|Any CPU.ActiveCfg = Debug|Any CPU
		{14EFC6AA-1E6C-4808-B3F9-BBABA58ACFB7}.Debug|Any CPU.Build.0 = Debug|Any CPU
		{14EFC6AA-1E6C-4808-B3F9-BBABA58ACFB7}.Release|Any CPU.ActiveCfg = Release|Any CPU
		{14EFC6AA-1E6C-4808-B3F9-BBABA58ACFB7}.Release|Any CPU.Build.0 = Release|Any CPU
		{7333724A-D2BB-434F-81FE-A00E89668EAD}.Debug|Any CPU.ActiveCfg = Debug|Any CPU
		{7333724A-D2BB-434F-81FE-A00E89668EAD}.Debug|Any CPU.Build.0 = Debug|Any CPU
		{7333724A-D2BB-434F-81FE-A00E89668EAD}.Release|Any CPU.ActiveCfg = Release|Any CPU
		{7333724A-D2BB-434F-81FE-A00E89668EAD}.Release|Any CPU.Build.0 = Release|Any CPU
		{540C4125-BA09-46AE-ABCA-E808D3527A92}.Debug|Any CPU.ActiveCfg = Debug|Any CPU
		{540C4125-BA09-46AE-ABCA-E808D3527A92}.Debug|Any CPU.Build.0 = Debug|Any CPU
		{540C4125-BA09-46AE-ABCA-E808D3527A92}.Release|Any CPU.ActiveCfg = Release|Any CPU
		{540C4125-BA09-46AE-ABCA-E808D3527A92}.Release|Any CPU.Build.0 = Release|Any CPU
	EndGlobalSection
	GlobalSection(SolutionProperties) = preSolution
		HideSolutionNode = FALSE
	EndGlobalSection
	GlobalSection(NestedProjects) = preSolution
		{49CC0135-8F7F-40CE-8E0C-132677E27977} = {1E0511A9-A72F-4627-B4CD-608A422AA432}
		{DCECB2BE-502F-4E2B-9F3D-40DDDB3CFC76} = {0755EA59-98A8-4391-A2BA-FC4A9AA8EEA0}
		{1C18083B-4FBE-43BC-87A0-99C36D6D0790} = {7BA241EB-F0E1-4D87-9DA0-A8EC86520815}
		{C75AB751-0C05-417E-B552-AE8308301B42} = {1C18083B-4FBE-43BC-87A0-99C36D6D0790}
		{A15ED7FC-C0EA-46D1-B373-13BE5933D997} = {1C18083B-4FBE-43BC-87A0-99C36D6D0790}
		{3421EF0C-A82D-4DC0-BE00-0BDC5CDF1758} = {1C18083B-4FBE-43BC-87A0-99C36D6D0790}
		{98A41A65-F9FD-488B-962E-E65B8B23CBCE} = {3421EF0C-A82D-4DC0-BE00-0BDC5CDF1758}
		{292B0A1A-B6E4-4FA5-963E-3BE23223EFDA} = {A15ED7FC-C0EA-46D1-B373-13BE5933D997}
		{CE226926-337F-4E39-B22B-314658691FB4} = {E41A212D-C532-4D04-A3FE-6729BDBF39B1}
		{059C8F61-A1C0-438C-97D8-2EFF88A35245} = {1C18083B-4FBE-43BC-87A0-99C36D6D0790}
		{9DF12B37-0680-4DD8-BBCD-EC5C35536A17} = {059C8F61-A1C0-438C-97D8-2EFF88A35245}
		{6C39A5F7-65CA-4665-8BF4-8FAA969986A6} = {C75AB751-0C05-417E-B552-AE8308301B42}
		{823C34D4-5611-4188-BAFE-46B14E16D2C7} = {7BA241EB-F0E1-4D87-9DA0-A8EC86520815}
		{98EFEC37-C7C7-45B5-BB1E-9BF927A857A6} = {823C34D4-5611-4188-BAFE-46B14E16D2C7}
		{D5669B34-C131-4C52-AA5F-09EBB80705E2} = {823C34D4-5611-4188-BAFE-46B14E16D2C7}
		{C6CAFB17-4881-47AA-A481-BBAD98673BF0} = {823C34D4-5611-4188-BAFE-46B14E16D2C7}
		{8A929510-D315-427E-99EE-CE6BFF871D7D} = {823C34D4-5611-4188-BAFE-46B14E16D2C7}
		{779934F9-1C26-491F-AA93-5ABB81703840} = {98EFEC37-C7C7-45B5-BB1E-9BF927A857A6}
		{14EFC6AA-1E6C-4808-B3F9-BBABA58ACFB7} = {D5669B34-C131-4C52-AA5F-09EBB80705E2}
		{7333724A-D2BB-434F-81FE-A00E89668EAD} = {C6CAFB17-4881-47AA-A481-BBAD98673BF0}
		{540C4125-BA09-46AE-ABCA-E808D3527A92} = {8A929510-D315-427E-99EE-CE6BFF871D7D}
	EndGlobalSection
	GlobalSection(ExtensibilityGlobals) = postSolution
		SolutionGuid = {7F5B861E-C3E9-472A-B6B0-C7312436FA31}
	EndGlobalSection
EndGlobal
